
Microsoft Visual Studio Solution File, Format Version 12.00
# Visual Studio Version 16
VisualStudioVersion = 16.0.30503.244
MinimumVisualStudioVersion = 10.0.40219.1
Project("{FAE04EC0-301F-11D3-BF4B-00C04F79EFBC}") = "ЛР12", "ЛР12\ЛР12.csproj", "{B1FEA386-E678-4B97-9011-FD549038DFFA}"
EndProject
Global
	GlobalSection(SolutionConfigurationPlatforms) = preSolution
		Debug|Any CPU = Debug|Any CPU
		Release|Any CPU = Release|Any CPU
	EndGlobalSection
	GlobalSection(ProjectConfigurationPlatforms) = postSolution
		{B1FEA386-E678-4B97-9011-FD549038DFFA}.Debug|Any CPU.ActiveCfg = Debug|Any CPU
		{B1FEA386-E678-4B97-9011-FD549038DFFA}.Debug|Any CPU.Build.0 = Debug|Any CPU
		{B1FEA386-E678-4B97-9011-FD549038DFFA}.Release|Any CPU.ActiveCfg = Release|Any CPU
		{B1FEA386-E678-4B97-9011-FD549038DFFA}.Release|Any CPU.Build.0 = Release|Any CPU
	EndGlobalSection
	GlobalSection(SolutionProperties) = preSolution
		HideSolutionNode = FALSE
	EndGlobalSection
	GlobalSection(ExtensibilityGlobals) = postSolution
		SolutionGuid = {33C770A3-2297-4366-9B5E-96B037B12DB0}
	EndGlobalSection
EndGlobal
